
Microsoft Visual Studio Solution File, Format Version 12.00
# Visual Studio Version 17
VisualStudioVersion = 17.0.31612.314
MinimumVisualStudioVersion = 10.0.40219.1
Project("{9A19103F-16F7-4668-BE54-9A1E7A4F7556}") = "GrowingApp", "GrowingApp\GrowingApp\GrowingApp.csproj", "{5D942DCA-C7E9-4E2B-AC5A-138CDEDDF055}"
EndProject
Project("{FAE04EC0-301F-11D3-BF4B-00C04F79EFBC}") = "GrowingApp.Android", "GrowingApp\GrowingApp.Android\GrowingApp.Android.csproj", "{BB501CE3-D7C8-49F4-8B62-2EFD9A66302E}"
EndProject
Project("{FAE04EC0-301F-11D3-BF4B-00C04F79EFBC}") = "GrowingApp.iOS", "GrowingApp\GrowingApp.iOS\GrowingApp.iOS.csproj", "{8EDA6F87-0351-4755-A6D4-F028F3C53B27}"
EndProject
Project("{FAE04EC0-301F-11D3-BF4B-00C04F79EFBC}") = "GrowingApp.UWP", "GrowingApp\GrowingApp.UWP\GrowingApp.UWP.csproj", "{A365DE9E-F230-41CD-A3E9-0230419D4EDD}"
EndProject
Project("{FAE04EC0-301F-11D3-BF4B-00C04F79EFBC}") = "GrowDBContext", "GrowDBContext\GrowDBContext.csproj", "{AF551891-4F68-4143-B446-5CEF7FE94210}"
EndProject
Global
	GlobalSection(SolutionConfigurationPlatforms) = preSolution
		Debug|Any CPU = Debug|Any CPU
		Debug|ARM = Debug|ARM
		Debug|iPhone = Debug|iPhone
		Debug|iPhoneSimulator = Debug|iPhoneSimulator
		Debug|x64 = Debug|x64
		Debug|x86 = Debug|x86
		Release|Any CPU = Release|Any CPU
		Release|ARM = Release|ARM
		Release|iPhone = Release|iPhone
		Release|iPhoneSimulator = Release|iPhoneSimulator
		Release|x64 = Release|x64
		Release|x86 = Release|x86
	EndGlobalSection
	GlobalSection(ProjectConfigurationPlatforms) = postSolution
		{5D942DCA-C7E9-4E2B-AC5A-138CDEDDF055}.Debug|Any CPU.ActiveCfg = Debug|Any CPU
		{5D942DCA-C7E9-4E2B-AC5A-138CDEDDF055}.Debug|Any CPU.Build.0 = Debug|Any CPU
		{5D942DCA-C7E9-4E2B-AC5A-138CDEDDF055}.Debug|Any CPU.Deploy.0 = Debug|Any CPU
		{5D942DCA-C7E9-4E2B-AC5A-138CDEDDF055}.Debug|ARM.ActiveCfg = Debug|Any CPU
		{5D942DCA-C7E9-4E2B-AC5A-138CDEDDF055}.Debug|ARM.Build.0 = Debug|Any CPU
		{5D942DCA-C7E9-4E2B-AC5A-138CDEDDF055}.Debug|ARM.Deploy.0 = Debug|Any CPU
		{5D942DCA-C7E9-4E2B-AC5A-138CDEDDF055}.Debug|iPhone.ActiveCfg = Debug|Any CPU
		{5D942DCA-C7E9-4E2B-AC5A-138CDEDDF055}.Debug|iPhone.Build.0 = Debug|Any CPU
		{5D942DCA-C7E9-4E2B-AC5A-138CDEDDF055}.Debug|iPhone.Deploy.0 = Debug|Any CPU
		{5D942DCA-C7E9-4E2B-AC5A-138CDEDDF055}.Debug|iPhoneSimulator.ActiveCfg = Debug|Any CPU
		{5D942DCA-C7E9-4E2B-AC5A-138CDEDDF055}.Debug|iPhoneSimulator.Build.0 = Debug|Any CPU
		{5D942DCA-C7E9-4E2B-AC5A-138CDEDDF055}.Debug|iPhoneSimulator.Deploy.0 = Debug|Any CPU
		{5D942DCA-C7E9-4E2B-AC5A-138CDEDDF055}.Debug|x64.ActiveCfg = Debug|Any CPU
		{5D942DCA-C7E9-4E2B-AC5A-138CDEDDF055}.Debug|x64.Build.0 = Debug|Any CPU
		{5D942DCA-C7E9-4E2B-AC5A-138CDEDDF055}.Debug|x64.Deploy.0 = Debug|Any CPU
		{5D942DCA-C7E9-4E2B-AC5A-138CDEDDF055}.Debug|x86.ActiveCfg = Debug|Any CPU
		{5D942DCA-C7E9-4E2B-AC5A-138CDEDDF055}.Debug|x86.Build.0 = Debug|Any CPU
		{5D942DCA-C7E9-4E2B-AC5A-138CDEDDF055}.Debug|x86.Deploy.0 = Debug|Any CPU
		{5D942DCA-C7E9-4E2B-AC5A-138CDEDDF055}.Release|Any CPU.ActiveCfg = Release|Any CPU
		{5D942DCA-C7E9-4E2B-AC5A-138CDEDDF055}.Release|Any CPU.Build.0 = Release|Any CPU
		{5D942DCA-C7E9-4E2B-AC5A-138CDEDDF055}.Release|Any CPU.Deploy.0 = Release|Any CPU
		{5D942DCA-C7E9-4E2B-AC5A-138CDEDDF055}.Release|ARM.ActiveCfg = Release|Any CPU
		{5D942DCA-C7E9-4E2B-AC5A-138CDEDDF055}.Release|ARM.Build.0 = Release|Any CPU
		{5D942DCA-C7E9-4E2B-AC5A-138CDEDDF055}.Release|ARM.Deploy.0 = Release|Any CPU
		{5D942DCA-C7E9-4E2B-AC5A-138CDEDDF055}.Release|iPhone.ActiveCfg = Release|Any CPU
		{5D942DCA-C7E9-4E2B-AC5A-138CDEDDF055}.Release|iPhone.Build.0 = Release|Any CPU
		{5D942DCA-C7E9-4E2B-AC5A-138CDEDDF055}.Release|iPhone.Deploy.0 = Release|Any CPU
		{5D942DCA-C7E9-4E2B-AC5A-138CDEDDF055}.Release|iPhoneSimulator.ActiveCfg = Release|Any CPU
		{5D942DCA-C7E9-4E2B-AC5A-138CDEDDF055}.Release|iPhoneSimulator.Build.0 = Release|Any CPU
		{5D942DCA-C7E9-4E2B-AC5A-138CDEDDF055}.Release|iPhoneSimulator.Deploy.0 = Release|Any CPU
		{5D942DCA-C7E9-4E2B-AC5A-138CDEDDF055}.Release|x64.ActiveCfg = Release|Any CPU
		{5D942DCA-C7E9-4E2B-AC5A-138CDEDDF055}.Release|x64.Build.0 = Release|Any CPU
		{5D942DCA-C7E9-4E2B-AC5A-138CDEDDF055}.Release|x64.Deploy.0 = Release|Any CPU
		{5D942DCA-C7E9-4E2B-AC5A-138CDEDDF055}.Release|x86.ActiveCfg = Release|Any CPU
		{5D942DCA-C7E9-4E2B-AC5A-138CDEDDF055}.Release|x86.Build.0 = Release|Any CPU
		{5D942DCA-C7E9-4E2B-AC5A-138CDEDDF055}.Release|x86.Deploy.0 = Release|Any CPU
		{BB501CE3-D7C8-49F4-8B62-2EFD9A66302E}.Debug|Any CPU.ActiveCfg = Debug|Any CPU
		{BB501CE3-D7C8-49F4-8B62-2EFD9A66302E}.Debug|Any CPU.Build.0 = Debug|Any CPU
		{BB501CE3-D7C8-49F4-8B62-2EFD9A66302E}.Debug|Any CPU.Deploy.0 = Debug|Any CPU
		{BB501CE3-D7C8-49F4-8B62-2EFD9A66302E}.Debug|ARM.ActiveCfg = Debug|Any CPU
		{BB501CE3-D7C8-49F4-8B62-2EFD9A66302E}.Debug|ARM.Build.0 = Debug|Any CPU
		{BB501CE3-D7C8-49F4-8B62-2EFD9A66302E}.Debug|ARM.Deploy.0 = Debug|Any CPU
		{BB501CE3-D7C8-49F4-8B62-2EFD9A66302E}.Debug|iPhone.ActiveCfg = Debug|Any CPU
		{BB501CE3-D7C8-49F4-8B62-2EFD9A66302E}.Debug|iPhone.Build.0 = Debug|Any CPU
		{BB501CE3-D7C8-49F4-8B62-2EFD9A66302E}.Debug|iPhone.Deploy.0 = Debug|Any CPU
		{BB501CE3-D7C8-49F4-8B62-2EFD9A66302E}.Debug|iPhoneSimulator.ActiveCfg = Debug|Any CPU
		{BB501CE3-D7C8-49F4-8B62-2EFD9A66302E}.Debug|iPhoneSimulator.Build.0 = Debug|Any CPU
		{BB501CE3-D7C8-49F4-8B62-2EFD9A66302E}.Debug|iPhoneSimulator.Deploy.0 = Debug|Any CPU
		{BB501CE3-D7C8-49F4-8B62-2EFD9A66302E}.Debug|x64.ActiveCfg = Debug|Any CPU
		{BB501CE3-D7C8-49F4-8B62-2EFD9A66302E}.Debug|x64.Build.0 = Debug|Any CPU
		{BB501CE3-D7C8-49F4-8B62-2EFD9A66302E}.Debug|x64.Deploy.0 = Debug|Any CPU
		{BB501CE3-D7C8-49F4-8B62-2EFD9A66302E}.Debug|x86.ActiveCfg = Debug|Any CPU
		{BB501CE3-D7C8-49F4-8B62-2EFD9A66302E}.Debug|x86.Build.0 = Debug|Any CPU
		{BB501CE3-D7C8-49F4-8B62-2EFD9A66302E}.Debug|x86.Deploy.0 = Debug|Any CPU
		{BB501CE3-D7C8-49F4-8B62-2EFD9A66302E}.Release|Any CPU.ActiveCfg = Release|Any CPU
		{BB501CE3-D7C8-49F4-8B62-2EFD9A66302E}.Release|Any CPU.Build.0 = Release|Any CPU
		{BB501CE3-D7C8-49F4-8B62-2EFD9A66302E}.Release|Any CPU.Deploy.0 = Release|Any CPU
		{BB501CE3-D7C8-49F4-8B62-2EFD9A66302E}.Release|ARM.ActiveCfg = Release|Any CPU
		{BB501CE3-D7C8-49F4-8B62-2EFD9A66302E}.Release|ARM.Build.0 = Release|Any CPU
		{BB501CE3-D7C8-49F4-8B62-2EFD9A66302E}.Release|ARM.Deploy.0 = Release|Any CPU
		{BB501CE3-D7C8-49F4-8B62-2EFD9A66302E}.Release|iPhone.ActiveCfg = Release|Any CPU
		{BB501CE3-D7C8-49F4-8B62-2EFD9A66302E}.Release|iPhone.Build.0 = Release|Any CPU
		{BB501CE3-D7C8-49F4-8B62-2EFD9A66302E}.Release|iPhone.Deploy.0 = Release|Any CPU
		{BB501CE3-D7C8-49F4-8B62-2EFD9A66302E}.Release|iPhoneSimulator.ActiveCfg = Release|Any CPU
		{BB501CE3-D7C8-49F4-8B62-2EFD9A66302E}.Release|iPhoneSimulator.Build.0 = Release|Any CPU
		{BB501CE3-D7C8-49F4-8B62-2EFD9A66302E}.Release|iPhoneSimulator.Deploy.0 = Release|Any CPU
		{BB501CE3-D7C8-49F4-8B62-2EFD9A66302E}.Release|x64.ActiveCfg = Release|Any CPU
		{BB501CE3-D7C8-49F4-8B62-2EFD9A66302E}.Release|x64.Build.0 = Release|Any CPU
		{BB501CE3-D7C8-49F4-8B62-2EFD9A66302E}.Release|x64.Deploy.0 = Release|Any CPU
		{BB501CE3-D7C8-49F4-8B62-2EFD9A66302E}.Release|x86.ActiveCfg = Release|Any CPU
		{BB501CE3-D7C8-49F4-8B62-2EFD9A66302E}.Release|x86.Build.0 = Release|Any CPU
		{BB501CE3-D7C8-49F4-8B62-2EFD9A66302E}.Release|x86.Deploy.0 = Release|Any CPU
		{8EDA6F87-0351-4755-A6D4-F028F3C53B27}.Debug|Any CPU.ActiveCfg = Debug|iPhone
		{8EDA6F87-0351-4755-A6D4-F028F3C53B27}.Debug|Any CPU.Build.0 = Debug|iPhone
		{8EDA6F87-0351-4755-A6D4-F028F3C53B27}.Debug|Any CPU.Deploy.0 = Debug|iPhone
		{8EDA6F87-0351-4755-A6D4-F028F3C53B27}.Debug|ARM.ActiveCfg = Debug|iPhoneSimulator
		{8EDA6F87-0351-4755-A6D4-F028F3C53B27}.Debug|ARM.Build.0 = Debug|iPhoneSimulator
		{8EDA6F87-0351-4755-A6D4-F028F3C53B27}.Debug|ARM.Deploy.0 = Debug|iPhoneSimulator
		{8EDA6F87-0351-4755-A6D4-F028F3C53B27}.Debug|iPhone.ActiveCfg = Debug|iPhone
		{8EDA6F87-0351-4755-A6D4-F028F3C53B27}.Debug|iPhone.Build.0 = Debug|iPhone
		{8EDA6F87-0351-4755-A6D4-F028F3C53B27}.Debug|iPhone.Deploy.0 = Debug|iPhone
		{8EDA6F87-0351-4755-A6D4-F028F3C53B27}.Debug|iPhoneSimulator.ActiveCfg = Debug|iPhoneSimulator
		{8EDA6F87-0351-4755-A6D4-F028F3C53B27}.Debug|iPhoneSimulator.Build.0 = Debug|iPhoneSimulator
		{8EDA6F87-0351-4755-A6D4-F028F3C53B27}.Debug|iPhoneSimulator.Deploy.0 = Debug|iPhoneSimulator
		{8EDA6F87-0351-4755-A6D4-F028F3C53B27}.Debug|x64.ActiveCfg = Debug|iPhoneSimulator
		{8EDA6F87-0351-4755-A6D4-F028F3C53B27}.Debug|x64.Build.0 = Debug|iPhoneSimulator
		{8EDA6F87-0351-4755-A6D4-F028F3C53B27}.Debug|x64.Deploy.0 = Debug|iPhoneSimulator
		{8EDA6F87-0351-4755-A6D4-F028F3C53B27}.Debug|x86.ActiveCfg = Debug|iPhoneSimulator
		{8EDA6F87-0351-4755-A6D4-F028F3C53B27}.Debug|x86.Build.0 = Debug|iPhoneSimulator
		{8EDA6F87-0351-4755-A6D4-F028F3C53B27}.Debug|x86.Deploy.0 = Debug|iPhoneSimulator
		{8EDA6F87-0351-4755-A6D4-F028F3C53B27}.Release|Any CPU.ActiveCfg = Release|iPhoneSimulator
		{8EDA6F87-0351-4755-A6D4-F028F3C53B27}.Release|Any CPU.Build.0 = Release|iPhoneSimulator
		{8EDA6F87-0351-4755-A6D4-F028F3C53B27}.Release|Any CPU.Deploy.0 = Release|iPhoneSimulator
		{8EDA6F87-0351-4755-A6D4-F028F3C53B27}.Release|ARM.ActiveCfg = Release|iPhoneSimulator
		{8EDA6F87-0351-4755-A6D4-F028F3C53B27}.Release|ARM.Build.0 = Release|iPhoneSimulator
		{8EDA6F87-0351-4755-A6D4-F028F3C53B27}.Release|ARM.Deploy.0 = Release|iPhoneSimulator
		{8EDA6F87-0351-4755-A6D4-F028F3C53B27}.Release|iPhone.ActiveCfg = Release|iPhone
		{8EDA6F87-0351-4755-A6D4-F028F3C53B27}.Release|iPhone.Build.0 = Release|iPhone
		{8EDA6F87-0351-4755-A6D4-F028F3C53B27}.Release|iPhone.Deploy.0 = Release|iPhone
		{8EDA6F87-0351-4755-A6D4-F028F3C53B27}.Release|iPhoneSimulator.ActiveCfg = Release|iPhoneSimulator
		{8EDA6F87-0351-4755-A6D4-F028F3C53B27}.Release|iPhoneSimulator.Build.0 = Release|iPhoneSimulator
		{8EDA6F87-0351-4755-A6D4-F028F3C53B27}.Release|iPhoneSimulator.Deploy.0 = Release|iPhoneSimulator
		{8EDA6F87-0351-4755-A6D4-F028F3C53B27}.Release|x64.ActiveCfg = Release|iPhoneSimulator
		{8EDA6F87-0351-4755-A6D4-F028F3C53B27}.Release|x64.Build.0 = Release|iPhoneSimulator
		{8EDA6F87-0351-4755-A6D4-F028F3C53B27}.Release|x64.Deploy.0 = Release|iPhoneSimulator
		{8EDA6F87-0351-4755-A6D4-F028F3C53B27}.Release|x86.ActiveCfg = Release|iPhoneSimulator
		{8EDA6F87-0351-4755-A6D4-F028F3C53B27}.Release|x86.Build.0 = Release|iPhoneSimulator
		{8EDA6F87-0351-4755-A6D4-F028F3C53B27}.Release|x86.Deploy.0 = Release|iPhoneSimulator
		{A365DE9E-F230-41CD-A3E9-0230419D4EDD}.Debug|Any CPU.ActiveCfg = Debug|x86
		{A365DE9E-F230-41CD-A3E9-0230419D4EDD}.Debug|Any CPU.Build.0 = Debug|x86
		{A365DE9E-F230-41CD-A3E9-0230419D4EDD}.Debug|Any CPU.Deploy.0 = Debug|x86
		{A365DE9E-F230-41CD-A3E9-0230419D4EDD}.Debug|ARM.ActiveCfg = Debug|ARM
		{A365DE9E-F230-41CD-A3E9-0230419D4EDD}.Debug|ARM.Build.0 = Debug|ARM
		{A365DE9E-F230-41CD-A3E9-0230419D4EDD}.Debug|ARM.Deploy.0 = Debug|ARM
		{A365DE9E-F230-41CD-A3E9-0230419D4EDD}.Debug|iPhone.ActiveCfg = Debug|x86
		{A365DE9E-F230-41CD-A3E9-0230419D4EDD}.Debug|iPhone.Build.0 = Debug|x86
		{A365DE9E-F230-41CD-A3E9-0230419D4EDD}.Debug|iPhone.Deploy.0 = Debug|x86
		{A365DE9E-F230-41CD-A3E9-0230419D4EDD}.Debug|iPhoneSimulator.ActiveCfg = Debug|x86
		{A365DE9E-F230-41CD-A3E9-0230419D4EDD}.Debug|iPhoneSimulator.Build.0 = Debug|x86
		{A365DE9E-F230-41CD-A3E9-0230419D4EDD}.Debug|iPhoneSimulator.Deploy.0 = Debug|x86
		{A365DE9E-F230-41CD-A3E9-0230419D4EDD}.Debug|x64.ActiveCfg = Debug|x64
		{A365DE9E-F230-41CD-A3E9-0230419D4EDD}.Debug|x64.Build.0 = Debug|x64
		{A365DE9E-F230-41CD-A3E9-0230419D4EDD}.Debug|x64.Deploy.0 = Debug|x64
		{A365DE9E-F230-41CD-A3E9-0230419D4EDD}.Debug|x86.ActiveCfg = Debug|x86
		{A365DE9E-F230-41CD-A3E9-0230419D4EDD}.Debug|x86.Build.0 = Debug|x86
		{A365DE9E-F230-41CD-A3E9-0230419D4EDD}.Debug|x86.Deploy.0 = Debug|x86
		{A365DE9E-F230-41CD-A3E9-0230419D4EDD}.Release|Any CPU.ActiveCfg = Release|x86
		{A365DE9E-F230-41CD-A3E9-0230419D4EDD}.Release|Any CPU.Build.0 = Release|x86
		{A365DE9E-F230-41CD-A3E9-0230419D4EDD}.Release|Any CPU.Deploy.0 = Release|x86
		{A365DE9E-F230-41CD-A3E9-0230419D4EDD}.Release|ARM.ActiveCfg = Release|ARM
		{A365DE9E-F230-41CD-A3E9-0230419D4EDD}.Release|ARM.Build.0 = Release|ARM
		{A365DE9E-F230-41CD-A3E9-0230419D4EDD}.Release|ARM.Deploy.0 = Release|ARM
		{A365DE9E-F230-41CD-A3E9-0230419D4EDD}.Release|iPhone.ActiveCfg = Release|x86
		{A365DE9E-F230-41CD-A3E9-0230419D4EDD}.Release|iPhone.Build.0 = Release|x86
		{A365DE9E-F230-41CD-A3E9-0230419D4EDD}.Release|iPhone.Deploy.0 = Release|x86
		{A365DE9E-F230-41CD-A3E9-0230419D4EDD}.Release|iPhoneSimulator.ActiveCfg = Release|x86
		{A365DE9E-F230-41CD-A3E9-0230419D4EDD}.Release|iPhoneSimulator.Build.0 = Release|x86
		{A365DE9E-F230-41CD-A3E9-0230419D4EDD}.Release|iPhoneSimulator.Deploy.0 = Release|x86
		{A365DE9E-F230-41CD-A3E9-0230419D4EDD}.Release|x64.ActiveCfg = Release|x64
		{A365DE9E-F230-41CD-A3E9-0230419D4EDD}.Release|x64.Build.0 = Release|x64
		{A365DE9E-F230-41CD-A3E9-0230419D4EDD}.Release|x64.Deploy.0 = Release|x64
		{A365DE9E-F230-41CD-A3E9-0230419D4EDD}.Release|x86.ActiveCfg = Release|x86
		{A365DE9E-F230-41CD-A3E9-0230419D4EDD}.Release|x86.Build.0 = Release|x86
		{A365DE9E-F230-41CD-A3E9-0230419D4EDD}.Release|x86.Deploy.0 = Release|x86
		{AF551891-4F68-4143-B446-5CEF7FE94210}.Debug|Any CPU.ActiveCfg = Debug|Any CPU
		{AF551891-4F68-4143-B446-5CEF7FE94210}.Debug|Any CPU.Build.0 = Debug|Any CPU
		{AF551891-4F68-4143-B446-5CEF7FE94210}.Debug|ARM.ActiveCfg = Debug|Any CPU
		{AF551891-4F68-4143-B446-5CEF7FE94210}.Debug|ARM.Build.0 = Debug|Any CPU
		{AF551891-4F68-4143-B446-5CEF7FE94210}.Debug|iPhone.ActiveCfg = Debug|Any CPU
		{AF551891-4F68-4143-B446-5CEF7FE94210}.Debug|iPhone.Build.0 = Debug|Any CPU
		{AF551891-4F68-4143-B446-5CEF7FE94210}.Debug|iPhoneSimulator.ActiveCfg = Debug|Any CPU
		{AF551891-4F68-4143-B446-5CEF7FE94210}.Debug|iPhoneSimulator.Build.0 = Debug|Any CPU
		{AF551891-4F68-4143-B446-5CEF7FE94210}.Debug|x64.ActiveCfg = Debug|Any CPU
		{AF551891-4F68-4143-B446-5CEF7FE94210}.Debug|x64.Build.0 = Debug|Any CPU
		{AF551891-4F68-4143-B446-5CEF7FE94210}.Debug|x86.ActiveCfg = Debug|Any CPU
		{AF551891-4F68-4143-B446-5CEF7FE94210}.Debug|x86.Build.0 = Debug|Any CPU
		{AF551891-4F68-4143-B446-5CEF7FE94210}.Release|Any CPU.ActiveCfg = Release|Any CPU
		{AF551891-4F68-4143-B446-5CEF7FE94210}.Release|Any CPU.Build.0 = Release|Any CPU
		{AF551891-4F68-4143-B446-5CEF7FE94210}.Release|ARM.ActiveCfg = Release|Any CPU
		{AF551891-4F68-4143-B446-5CEF7FE94210}.Release|ARM.Build.0 = Release|Any CPU
		{AF551891-4F68-4143-B446-5CEF7FE94210}.Release|iPhone.ActiveCfg = Release|Any CPU
		{AF551891-4F68-4143-B446-5CEF7FE94210}.Release|iPhone.Build.0 = Release|Any CPU
		{AF551891-4F68-4143-B446-5CEF7FE94210}.Release|iPhoneSimulator.ActiveCfg = Release|Any CPU
		{AF551891-4F68-4143-B446-5CEF7FE94210}.Release|iPhoneSimulator.Build.0 = Release|Any CPU
		{AF551891-4F68-4143-B446-5CEF7FE94210}.Release|x64.ActiveCfg = Release|Any CPU
		{AF551891-4F68-4143-B446-5CEF7FE94210}.Release|x64.Build.0 = Release|Any CPU
		{AF551891-4F68-4143-B446-5CEF7FE94210}.Release|x86.ActiveCfg = Release|Any CPU
		{AF551891-4F68-4143-B446-5CEF7FE94210}.Release|x86.Build.0 = Release|Any CPU
	EndGlobalSection
	GlobalSection(SolutionProperties) = preSolution
		HideSolutionNode = FALSE
	EndGlobalSection
	GlobalSection(ExtensibilityGlobals) = postSolution
		SolutionGuid = {BBA95153-63BE-4182-A5EE-C9CA562DC6AD}
	EndGlobalSection
EndGlobal
